
Microsoft Visual Studio Solution File, Format Version 12.00
# Visual Studio Version 17
VisualStudioVersion = 17.1.32319.34
MinimumVisualStudioVersion = 10.0.40219.1
Project("{9A19103F-16F7-4668-BE54-9A1E7A4F7556}") = "ClientTvShowsCoreOAuth", "ClientTvShowsCoreOAuth\ClientTvShowsCoreOAuth.csproj", "{738CB187-93D0-4606-8EE3-8E918708CFFE}"
EndProject
Global
	GlobalSection(SolutionConfigurationPlatforms) = preSolution
		Debug|Any CPU = Debug|Any CPU
		Release|Any CPU = Release|Any CPU
	EndGlobalSection
	GlobalSection(ProjectConfigurationPlatforms) = postSolution
		{738CB187-93D0-4606-8EE3-8E918708CFFE}.Debug|Any CPU.ActiveCfg = Debug|Any CPU
		{738CB187-93D0-4606-8EE3-8E918708CFFE}.Debug|Any CPU.Build.0 = Debug|Any CPU
		{738CB187-93D0-4606-8EE3-8E918708CFFE}.Release|Any CPU.ActiveCfg = Release|Any CPU
		{738CB187-93D0-4606-8EE3-8E918708CFFE}.Release|Any CPU.Build.0 = Release|Any CPU
	EndGlobalSection
	GlobalSection(SolutionProperties) = preSolution
		HideSolutionNode = FALSE
	EndGlobalSection
	GlobalSection(ExtensibilityGlobals) = postSolution
		SolutionGuid = {20AE6265-3126-4C91-9EA3-792F4AC7AA62}
	EndGlobalSection
EndGlobal
